
Microsoft Visual Studio Solution File, Format Version 12.00
# Visual Studio Version 17
VisualStudioVersion = 17.1.32319.34
MinimumVisualStudioVersion = 10.0.40219.1
Project("{FAE04EC0-301F-11D3-BF4B-00C04F79EFBC}") = "First", "First\First.csproj", "{7F8A2632-2BF2-4C12-90B4-2228675CD268}"
EndProject
Global
	GlobalSection(SolutionConfigurationPlatforms) = preSolution
		Debug|Any CPU = Debug|Any CPU
		Release|Any CPU = Release|Any CPU
	EndGlobalSection
	GlobalSection(ProjectConfigurationPlatforms) = postSolution
		{7F8A2632-2BF2-4C12-90B4-2228675CD268}.Debug|Any CPU.ActiveCfg = Debug|Any CPU
		{7F8A2632-2BF2-4C12-90B4-2228675CD268}.Debug|Any CPU.Build.0 = Debug|Any CPU
		{7F8A2632-2BF2-4C12-90B4-2228675CD268}.Release|Any CPU.ActiveCfg = Release|Any CPU
		{7F8A2632-2BF2-4C12-90B4-2228675CD268}.Release|Any CPU.Build.0 = Release|Any CPU
	EndGlobalSection
	GlobalSection(SolutionProperties) = preSolution
		HideSolutionNode = FALSE
	EndGlobalSection
	GlobalSection(ExtensibilityGlobals) = postSolution
		SolutionGuid = {62D45BBD-7B9B-4CBD-B479-7D4820C23A16}
	EndGlobalSection
EndGlobal
